
Microsoft Visual Studio Solution File, Format Version 12.00
# Visual Studio Version 16
VisualStudioVersion = 16.0.31129.286
MinimumVisualStudioVersion = 10.0.40219.1
Project("{FAE04EC0-301F-11D3-BF4B-00C04F79EFBC}") = "Exercise01", "Exercise01.csproj", "{31346BBC-929D-4E36-BAC7-B43479D281A8}"
EndProject
Project("{FAE04EC0-301F-11D3-BF4B-00C04F79EFBC}") = "Exercise02", "..\Exercise02\Exercise02.csproj", "{9C248704-D080-4AF6-ACC6-3C05700FAD80}"
EndProject
Global
	GlobalSection(SolutionConfigurationPlatforms) = preSolution
		Debug|Any CPU = Debug|Any CPU
		Release|Any CPU = Release|Any CPU
	EndGlobalSection
	GlobalSection(ProjectConfigurationPlatforms) = postSolution
		{31346BBC-929D-4E36-BAC7-B43479D281A8}.Debug|Any CPU.ActiveCfg = Debug|Any CPU
		{31346BBC-929D-4E36-BAC7-B43479D281A8}.Debug|Any CPU.Build.0 = Debug|Any CPU
		{31346BBC-929D-4E36-BAC7-B43479D281A8}.Release|Any CPU.ActiveCfg = Release|Any CPU
		{31346BBC-929D-4E36-BAC7-B43479D281A8}.Release|Any CPU.Build.0 = Release|Any CPU
		{9C248704-D080-4AF6-ACC6-3C05700FAD80}.Debug|Any CPU.ActiveCfg = Debug|Any CPU
		{9C248704-D080-4AF6-ACC6-3C05700FAD80}.Debug|Any CPU.Build.0 = Debug|Any CPU
		{9C248704-D080-4AF6-ACC6-3C05700FAD80}.Release|Any CPU.ActiveCfg = Release|Any CPU
		{9C248704-D080-4AF6-ACC6-3C05700FAD80}.Release|Any CPU.Build.0 = Release|Any CPU
	EndGlobalSection
	GlobalSection(SolutionProperties) = preSolution
		HideSolutionNode = FALSE
	EndGlobalSection
	GlobalSection(ExtensibilityGlobals) = postSolution
		SolutionGuid = {ECC780FF-2D9C-40A0-9300-6AF33B2D7D5B}
	EndGlobalSection
EndGlobal
